
Microsoft Visual Studio Solution File, Format Version 12.00
# Visual Studio Version 17
VisualStudioVersion = 17.3.32901.215
MinimumVisualStudioVersion = 10.0.40219.1
Project("{9A19103F-16F7-4668-BE54-9A1E7A4F7556}") = "MISA.AMIS.API", "MISA.AMIS.BE.API\MISA.AMIS.API.csproj", "{24B2531A-8756-466C-9F5F-F72DF2F60049}"
EndProject
Project("{9A19103F-16F7-4668-BE54-9A1E7A4F7556}") = "MISA.AMIS.BL.UnitTests", "MISA.AMIS.UnitTests\MISA.AMIS.BL.UnitTests.csproj", "{3F594FF8-2D13-4A7E-9180-3922D211C89D}"
EndProject
Project("{9A19103F-16F7-4668-BE54-9A1E7A4F7556}") = "MISA.AMIS.DL", "MISA.AMIS.DL\MISA.AMIS.DL.csproj", "{E5361F16-DD16-4A24-A68D-E45A5DEC2F54}"
EndProject
Project("{9A19103F-16F7-4668-BE54-9A1E7A4F7556}") = "MISA.AMIS.BL", "MISA.AMIS.BL\MISA.AMIS.BL.csproj", "{AC938282-5137-42B0-B0D9-D674BE446223}"
EndProject
Project("{9A19103F-16F7-4668-BE54-9A1E7A4F7556}") = "MISA.AMIS.Common", "MISA.AMIS.Common\MISA.AMIS.Common.csproj", "{DAA59907-845C-4160-99D3-8210B4C08AD1}"
EndProject
Project("{FAE04EC0-301F-11D3-BF4B-00C04F79EFBC}") = "MISA.AMIS.DL.UnitTests", "MISA.AMIS.DL.UnitTests\MISA.AMIS.DL.UnitTests.csproj", "{E5AC266C-76FA-4987-BA19-3991FEAC47B4}"
EndProject
Global
	GlobalSection(SolutionConfigurationPlatforms) = preSolution
		Debug|Any CPU = Debug|Any CPU
		Release|Any CPU = Release|Any CPU
	EndGlobalSection
	GlobalSection(ProjectConfigurationPlatforms) = postSolution
		{24B2531A-8756-466C-9F5F-F72DF2F60049}.Debug|Any CPU.ActiveCfg = Debug|Any CPU
		{24B2531A-8756-466C-9F5F-F72DF2F60049}.Debug|Any CPU.Build.0 = Debug|Any CPU
		{24B2531A-8756-466C-9F5F-F72DF2F60049}.Release|Any CPU.ActiveCfg = Release|Any CPU
		{24B2531A-8756-466C-9F5F-F72DF2F60049}.Release|Any CPU.Build.0 = Release|Any CPU
		{3F594FF8-2D13-4A7E-9180-3922D211C89D}.Debug|Any CPU.ActiveCfg = Debug|Any CPU
		{3F594FF8-2D13-4A7E-9180-3922D211C89D}.Debug|Any CPU.Build.0 = Debug|Any CPU
		{3F594FF8-2D13-4A7E-9180-3922D211C89D}.Release|Any CPU.ActiveCfg = Release|Any CPU
		{3F594FF8-2D13-4A7E-9180-3922D211C89D}.Release|Any CPU.Build.0 = Release|Any CPU
		{E5361F16-DD16-4A24-A68D-E45A5DEC2F54}.Debug|Any CPU.ActiveCfg = Debug|Any CPU
		{E5361F16-DD16-4A24-A68D-E45A5DEC2F54}.Debug|Any CPU.Build.0 = Debug|Any CPU
		{E5361F16-DD16-4A24-A68D-E45A5DEC2F54}.Release|Any CPU.ActiveCfg = Release|Any CPU
		{E5361F16-DD16-4A24-A68D-E45A5DEC2F54}.Release|Any CPU.Build.0 = Release|Any CPU
		{AC938282-5137-42B0-B0D9-D674BE446223}.Debug|Any CPU.ActiveCfg = Debug|Any CPU
		{AC938282-5137-42B0-B0D9-D674BE446223}.Debug|Any CPU.Build.0 = Debug|Any CPU
		{AC938282-5137-42B0-B0D9-D674BE446223}.Release|Any CPU.ActiveCfg = Release|Any CPU
		{AC938282-5137-42B0-B0D9-D674BE446223}.Release|Any CPU.Build.0 = Release|Any CPU
		{DAA59907-845C-4160-99D3-8210B4C08AD1}.Debug|Any CPU.ActiveCfg = Debug|Any CPU
		{DAA59907-845C-4160-99D3-8210B4C08AD1}.Debug|Any CPU.Build.0 = Debug|Any CPU
		{DAA59907-845C-4160-99D3-8210B4C08AD1}.Release|Any CPU.ActiveCfg = Release|Any CPU
		{DAA59907-845C-4160-99D3-8210B4C08AD1}.Release|Any CPU.Build.0 = Release|Any CPU
		{E5AC266C-76FA-4987-BA19-3991FEAC47B4}.Debug|Any CPU.ActiveCfg = Debug|Any CPU
		{E5AC266C-76FA-4987-BA19-3991FEAC47B4}.Debug|Any CPU.Build.0 = Debug|Any CPU
		{E5AC266C-76FA-4987-BA19-3991FEAC47B4}.Release|Any CPU.ActiveCfg = Release|Any CPU
		{E5AC266C-76FA-4987-BA19-3991FEAC47B4}.Release|Any CPU.Build.0 = Release|Any CPU
	EndGlobalSection
	GlobalSection(SolutionProperties) = preSolution
		HideSolutionNode = FALSE
	EndGlobalSection
	GlobalSection(ExtensibilityGlobals) = postSolution
		SolutionGuid = {50B40910-24D0-4071-969C-F5259420A198}
	EndGlobalSection
EndGlobal
